
Microsoft Visual Studio Solution File, Format Version 12.00
# Visual Studio 15
VisualStudioVersion = 15.0.26430.12
MinimumVisualStudioVersion = 10.0.40219.1
Project("{FAE04EC0-301F-11D3-BF4B-00C04F79EFBC}") = "TestFrameworks.Android", "TestFrameworks\TestFrameworks.Android\TestFrameworks.Android.csproj", "{286B35A5-E868-45EC-A36B-0F16D6663634}"
EndProject
Project("{FAE04EC0-301F-11D3-BF4B-00C04F79EFBC}") = "TestFrameworks", "TestFrameworks\TestFrameworks\TestFrameworks.csproj", "{D828EFB3-332A-4C2A-9ED4-1ACE7678F33D}"
EndProject
Project("{FAE04EC0-301F-11D3-BF4B-00C04F79EFBC}") = "TestFrameworks.UWP", "TestFrameworks\TestFrameworks.UWP\TestFrameworks.UWP.csproj", "{9C790100-83FA-4880-919D-141C09D987A3}"
EndProject
Project("{FAE04EC0-301F-11D3-BF4B-00C04F79EFBC}") = "TestFrameworks.iOS", "TestFrameworks\TestFrameworks.iOS\TestFrameworks.iOS.csproj", "{897EECC3-3E0E-4013-BE19-662D8D9C0B59}"
EndProject
Project("{9A19103F-16F7-4668-BE54-9A1E7A4F7556}") = "VSTestTool", "UnitTestProject1\VSTestTool.csproj", "{AB40238E-6083-438C-9907-813445F4BCB5}"
EndProject
Project("{9A19103F-16F7-4668-BE54-9A1E7A4F7556}") = "XUnitTestProject2", "XUnitTestProject2\XUnitTestProject2.csproj", "{0628EA93-DAB7-4AE0-A77B-86E6570FB83B}"
EndProject
Project("{FAE04EC0-301F-11D3-BF4B-00C04F79EFBC}") = "NUnit.Tests1", "NUnit.Tests1\NUnit.Tests1.csproj", "{8EDF4429-251A-416D-BB68-93F227191BCF}"
EndProject
Global
	GlobalSection(SolutionConfigurationPlatforms) = preSolution
		Ad-Hoc|Any CPU = Ad-Hoc|Any CPU
		Ad-Hoc|ARM = Ad-Hoc|ARM
		Ad-Hoc|iPhone = Ad-Hoc|iPhone
		Ad-Hoc|iPhoneSimulator = Ad-Hoc|iPhoneSimulator
		Ad-Hoc|x64 = Ad-Hoc|x64
		Ad-Hoc|x86 = Ad-Hoc|x86
		AppStore|Any CPU = AppStore|Any CPU
		AppStore|ARM = AppStore|ARM
		AppStore|iPhone = AppStore|iPhone
		AppStore|iPhoneSimulator = AppStore|iPhoneSimulator
		AppStore|x64 = AppStore|x64
		AppStore|x86 = AppStore|x86
		Debug|Any CPU = Debug|Any CPU
		Debug|ARM = Debug|ARM
		Debug|iPhone = Debug|iPhone
		Debug|iPhoneSimulator = Debug|iPhoneSimulator
		Debug|x64 = Debug|x64
		Debug|x86 = Debug|x86
		Release|Any CPU = Release|Any CPU
		Release|ARM = Release|ARM
		Release|iPhone = Release|iPhone
		Release|iPhoneSimulator = Release|iPhoneSimulator
		Release|x64 = Release|x64
		Release|x86 = Release|x86
	EndGlobalSection
	GlobalSection(ProjectConfigurationPlatforms) = postSolution
		{286B35A5-E868-45EC-A36B-0F16D6663634}.Ad-Hoc|Any CPU.ActiveCfg = Release|Any CPU
		{286B35A5-E868-45EC-A36B-0F16D6663634}.Ad-Hoc|Any CPU.Build.0 = Release|Any CPU
		{286B35A5-E868-45EC-A36B-0F16D6663634}.Ad-Hoc|Any CPU.Deploy.0 = Release|Any CPU
		{286B35A5-E868-45EC-A36B-0F16D6663634}.Ad-Hoc|ARM.ActiveCfg = Release|Any CPU
		{286B35A5-E868-45EC-A36B-0F16D6663634}.Ad-Hoc|ARM.Build.0 = Release|Any CPU
		{286B35A5-E868-45EC-A36B-0F16D6663634}.Ad-Hoc|ARM.Deploy.0 = Release|Any CPU
		{286B35A5-E868-45EC-A36B-0F16D6663634}.Ad-Hoc|iPhone.ActiveCfg = Release|Any CPU
		{286B35A5-E868-45EC-A36B-0F16D6663634}.Ad-Hoc|iPhone.Build.0 = Release|Any CPU
		{286B35A5-E868-45EC-A36B-0F16D6663634}.Ad-Hoc|iPhone.Deploy.0 = Release|Any CPU
		{286B35A5-E868-45EC-A36B-0F16D6663634}.Ad-Hoc|iPhoneSimulator.ActiveCfg = Release|Any CPU
		{286B35A5-E868-45EC-A36B-0F16D6663634}.Ad-Hoc|iPhoneSimulator.Build.0 = Release|Any CPU
		{286B35A5-E868-45EC-A36B-0F16D6663634}.Ad-Hoc|iPhoneSimulator.Deploy.0 = Release|Any CPU
		{286B35A5-E868-45EC-A36B-0F16D6663634}.Ad-Hoc|x64.ActiveCfg = Release|Any CPU
		{286B35A5-E868-45EC-A36B-0F16D6663634}.Ad-Hoc|x64.Build.0 = Release|Any CPU
		{286B35A5-E868-45EC-A36B-0F16D6663634}.Ad-Hoc|x64.Deploy.0 = Release|Any CPU
		{286B35A5-E868-45EC-A36B-0F16D6663634}.Ad-Hoc|x86.ActiveCfg = Release|Any CPU
		{286B35A5-E868-45EC-A36B-0F16D6663634}.Ad-Hoc|x86.Build.0 = Release|Any CPU
		{286B35A5-E868-45EC-A36B-0F16D6663634}.Ad-Hoc|x86.Deploy.0 = Release|Any CPU
		{286B35A5-E868-45EC-A36B-0F16D6663634}.AppStore|Any CPU.ActiveCfg = Release|Any CPU
		{286B35A5-E868-45EC-A36B-0F16D6663634}.AppStore|Any CPU.Build.0 = Release|Any CPU
		{286B35A5-E868-45EC-A36B-0F16D6663634}.AppStore|Any CPU.Deploy.0 = Release|Any CPU
		{286B35A5-E868-45EC-A36B-0F16D6663634}.AppStore|ARM.ActiveCfg = Release|Any CPU
		{286B35A5-E868-45EC-A36B-0F16D6663634}.AppStore|ARM.Build.0 = Release|Any CPU
		{286B35A5-E868-45EC-A36B-0F16D6663634}.AppStore|ARM.Deploy.0 = Release|Any CPU
		{286B35A5-E868-45EC-A36B-0F16D6663634}.AppStore|iPhone.ActiveCfg = Release|Any CPU
		{286B35A5-E868-45EC-A36B-0F16D6663634}.AppStore|iPhone.Build.0 = Release|Any CPU
		{286B35A5-E868-45EC-A36B-0F16D6663634}.AppStore|iPhone.Deploy.0 = Release|Any CPU
		{286B35A5-E868-45EC-A36B-0F16D6663634}.AppStore|iPhoneSimulator.ActiveCfg = Release|Any CPU
		{286B35A5-E868-45EC-A36B-0F16D6663634}.AppStore|iPhoneSimulator.Build.0 = Release|Any CPU
		{286B35A5-E868-45EC-A36B-0F16D6663634}.AppStore|iPhoneSimulator.Deploy.0 = Release|Any CPU
		{286B35A5-E868-45EC-A36B-0F16D6663634}.AppStore|x64.ActiveCfg = Release|Any CPU
		{286B35A5-E868-45EC-A36B-0F16D6663634}.AppStore|x64.Build.0 = Release|Any CPU
		{286B35A5-E868-45EC-A36B-0F16D6663634}.AppStore|x64.Deploy.0 = Release|Any CPU
		{286B35A5-E868-45EC-A36B-0F16D6663634}.AppStore|x86.ActiveCfg = Release|Any CPU
		{286B35A5-E868-45EC-A36B-0F16D6663634}.AppStore|x86.Build.0 = Release|Any CPU
		{286B35A5-E868-45EC-A36B-0F16D6663634}.AppStore|x86.Deploy.0 = Release|Any CPU
		{286B35A5-E868-45EC-A36B-0F16D6663634}.Debug|Any CPU.ActiveCfg = Debug|Any CPU
		{286B35A5-E868-45EC-A36B-0F16D6663634}.Debug|Any CPU.Build.0 = Debug|Any CPU
		{286B35A5-E868-45EC-A36B-0F16D6663634}.Debug|Any CPU.Deploy.0 = Debug|Any CPU
		{286B35A5-E868-45EC-A36B-0F16D6663634}.Debug|ARM.ActiveCfg = Debug|Any CPU
		{286B35A5-E868-45EC-A36B-0F16D6663634}.Debug|ARM.Build.0 = Debug|Any CPU
		{286B35A5-E868-45EC-A36B-0F16D6663634}.Debug|ARM.Deploy.0 = Debug|Any CPU
		{286B35A5-E868-45EC-A36B-0F16D6663634}.Debug|iPhone.ActiveCfg = Debug|Any CPU
		{286B35A5-E868-45EC-A36B-0F16D6663634}.Debug|iPhone.Build.0 = Debug|Any CPU
		{286B35A5-E868-45EC-A36B-0F16D6663634}.Debug|iPhone.Deploy.0 = Debug|Any CPU
		{286B35A5-E868-45EC-A36B-0F16D6663634}.Debug|iPhoneSimulator.ActiveCfg = Debug|Any CPU
		{286B35A5-E868-45EC-A36B-0F16D6663634}.Debug|iPhoneSimulator.Build.0 = Debug|Any CPU
		{286B35A5-E868-45EC-A36B-0F16D6663634}.Debug|iPhoneSimulator.Deploy.0 = Debug|Any CPU
		{286B35A5-E868-45EC-A36B-0F16D6663634}.Debug|x64.ActiveCfg = Debug|Any CPU
		{286B35A5-E868-45EC-A36B-0F16D6663634}.Debug|x64.Build.0 = Debug|Any CPU
		{286B35A5-E868-45EC-A36B-0F16D6663634}.Debug|x64.Deploy.0 = Debug|Any CPU
		{286B35A5-E868-45EC-A36B-0F16D6663634}.Debug|x86.ActiveCfg = Debug|Any CPU
		{286B35A5-E868-45EC-A36B-0F16D6663634}.Debug|x86.Build.0 = Debug|Any CPU
		{286B35A5-E868-45EC-A36B-0F16D6663634}.Debug|x86.Deploy.0 = Debug|Any CPU
		{286B35A5-E868-45EC-A36B-0F16D6663634}.Release|Any CPU.ActiveCfg = Release|Any CPU
		{286B35A5-E868-45EC-A36B-0F16D6663634}.Release|Any CPU.Build.0 = Release|Any CPU
		{286B35A5-E868-45EC-A36B-0F16D6663634}.Release|Any CPU.Deploy.0 = Release|Any CPU
		{286B35A5-E868-45EC-A36B-0F16D6663634}.Release|ARM.ActiveCfg = Release|Any CPU
		{286B35A5-E868-45EC-A36B-0F16D6663634}.Release|ARM.Build.0 = Release|Any CPU
		{286B35A5-E868-45EC-A36B-0F16D6663634}.Release|ARM.Deploy.0 = Release|Any CPU
		{286B35A5-E868-45EC-A36B-0F16D6663634}.Release|iPhone.ActiveCfg = Release|Any CPU
		{286B35A5-E868-45EC-A36B-0F16D6663634}.Release|iPhone.Build.0 = Release|Any CPU
		{286B35A5-E868-45EC-A36B-0F16D6663634}.Release|iPhone.Deploy.0 = Release|Any CPU
		{286B35A5-E868-45EC-A36B-0F16D6663634}.Release|iPhoneSimulator.ActiveCfg = Release|Any CPU
		{286B35A5-E868-45EC-A36B-0F16D6663634}.Release|iPhoneSimulator.Build.0 = Release|Any CPU
		{286B35A5-E868-45EC-A36B-0F16D6663634}.Release|iPhoneSimulator.Deploy.0 = Release|Any CPU
		{286B35A5-E868-45EC-A36B-0F16D6663634}.Release|x64.ActiveCfg = Release|Any CPU
		{286B35A5-E868-45EC-A36B-0F16D6663634}.Release|x64.Build.0 = Release|Any CPU
		{286B35A5-E868-45EC-A36B-0F16D6663634}.Release|x64.Deploy.0 = Release|Any CPU
		{286B35A5-E868-45EC-A36B-0F16D6663634}.Release|x86.ActiveCfg = Release|Any CPU
		{286B35A5-E868-45EC-A36B-0F16D6663634}.Release|x86.Build.0 = Release|Any CPU
		{286B35A5-E868-45EC-A36B-0F16D6663634}.Release|x86.Deploy.0 = Release|Any CPU
		{D828EFB3-332A-4C2A-9ED4-1ACE7678F33D}.Ad-Hoc|Any CPU.ActiveCfg = Release|Any CPU
		{D828EFB3-332A-4C2A-9ED4-1ACE7678F33D}.Ad-Hoc|Any CPU.Build.0 = Release|Any CPU
		{D828EFB3-332A-4C2A-9ED4-1ACE7678F33D}.Ad-Hoc|ARM.ActiveCfg = Release|Any CPU
		{D828EFB3-332A-4C2A-9ED4-1ACE7678F33D}.Ad-Hoc|ARM.Build.0 = Release|Any CPU
		{D828EFB3-332A-4C2A-9ED4-1ACE7678F33D}.Ad-Hoc|iPhone.ActiveCfg = Release|Any CPU
		{D828EFB3-332A-4C2A-9ED4-1ACE7678F33D}.Ad-Hoc|iPhone.Build.0 = Release|Any CPU
		{D828EFB3-332A-4C2A-9ED4-1ACE7678F33D}.Ad-Hoc|iPhoneSimulator.ActiveCfg = Release|Any CPU
		{D828EFB3-332A-4C2A-9ED4-1ACE7678F33D}.Ad-Hoc|iPhoneSimulator.Build.0 = Release|Any CPU
		{D828EFB3-332A-4C2A-9ED4-1ACE7678F33D}.Ad-Hoc|x64.ActiveCfg = Release|Any CPU
		{D828EFB3-332A-4C2A-9ED4-1ACE7678F33D}.Ad-Hoc|x64.Build.0 = Release|Any CPU
		{D828EFB3-332A-4C2A-9ED4-1ACE7678F33D}.Ad-Hoc|x86.ActiveCfg = Release|Any CPU
		{D828EFB3-332A-4C2A-9ED4-1ACE7678F33D}.Ad-Hoc|x86.Build.0 = Release|Any CPU
		{D828EFB3-332A-4C2A-9ED4-1ACE7678F33D}.AppStore|Any CPU.ActiveCfg = Release|Any CPU
		{D828EFB3-332A-4C2A-9ED4-1ACE7678F33D}.AppStore|Any CPU.Build.0 = Release|Any CPU
		{D828EFB3-332A-4C2A-9ED4-1ACE7678F33D}.AppStore|ARM.ActiveCfg = Release|Any CPU
		{D828EFB3-332A-4C2A-9ED4-1ACE7678F33D}.AppStore|ARM.Build.0 = Release|Any CPU
		{D828EFB3-332A-4C2A-9ED4-1ACE7678F33D}.AppStore|iPhone.ActiveCfg = Release|Any CPU
		{D828EFB3-332A-4C2A-9ED4-1ACE7678F33D}.AppStore|iPhone.Build.0 = Release|Any CPU
		{D828EFB3-332A-4C2A-9ED4-1ACE7678F33D}.AppStore|iPhoneSimulator.ActiveCfg = Release|Any CPU
		{D828EFB3-332A-4C2A-9ED4-1ACE7678F33D}.AppStore|iPhoneSimulator.Build.0 = Release|Any CPU
		{D828EFB3-332A-4C2A-9ED4-1ACE7678F33D}.AppStore|x64.ActiveCfg = Release|Any CPU
		{D828EFB3-332A-4C2A-9ED4-1ACE7678F33D}.AppStore|x64.Build.0 = Release|Any CPU
		{D828EFB3-332A-4C2A-9ED4-1ACE7678F33D}.AppStore|x86.ActiveCfg = Release|Any CPU
		{D828EFB3-332A-4C2A-9ED4-1ACE7678F33D}.AppStore|x86.Build.0 = Release|Any CPU
		{D828EFB3-332A-4C2A-9ED4-1ACE7678F33D}.Debug|Any CPU.ActiveCfg = Debug|Any CPU
		{D828EFB3-332A-4C2A-9ED4-1ACE7678F33D}.Debug|Any CPU.Build.0 = Debug|Any CPU
		{D828EFB3-332A-4C2A-9ED4-1ACE7678F33D}.Debug|ARM.ActiveCfg = Debug|Any CPU
		{D828EFB3-332A-4C2A-9ED4-1ACE7678F33D}.Debug|ARM.Build.0 = Debug|Any CPU
		{D828EFB3-332A-4C2A-9ED4-1ACE7678F33D}.Debug|iPhone.ActiveCfg = Debug|Any CPU
		{D828EFB3-332A-4C2A-9ED4-1ACE7678F33D}.Debug|iPhone.Build.0 = Debug|Any CPU
		{D828EFB3-332A-4C2A-9ED4-1ACE7678F33D}.Debug|iPhoneSimulator.ActiveCfg = Debug|Any CPU
		{D828EFB3-332A-4C2A-9ED4-1ACE7678F33D}.Debug|iPhoneSimulator.Build.0 = Debug|Any CPU
		{D828EFB3-332A-4C2A-9ED4-1ACE7678F33D}.Debug|x64.ActiveCfg = Debug|Any CPU
		{D828EFB3-332A-4C2A-9ED4-1ACE7678F33D}.Debug|x64.Build.0 = Debug|Any CPU
		{D828EFB3-332A-4C2A-9ED4-1ACE7678F33D}.Debug|x86.ActiveCfg = Debug|Any CPU
		{D828EFB3-332A-4C2A-9ED4-1ACE7678F33D}.Debug|x86.Build.0 = Debug|Any CPU
		{D828EFB3-332A-4C2A-9ED4-1ACE7678F33D}.Release|Any CPU.ActiveCfg = Release|Any CPU
		{D828EFB3-332A-4C2A-9ED4-1ACE7678F33D}.Release|Any CPU.Build.0 = Release|Any CPU
		{D828EFB3-332A-4C2A-9ED4-1ACE7678F33D}.Release|ARM.ActiveCfg = Release|Any CPU
		{D828EFB3-332A-4C2A-9ED4-1ACE7678F33D}.Release|ARM.Build.0 = Release|Any CPU
		{D828EFB3-332A-4C2A-9ED4-1ACE7678F33D}.Release|iPhone.ActiveCfg = Release|Any CPU
		{D828EFB3-332A-4C2A-9ED4-1ACE7678F33D}.Release|iPhone.Build.0 = Release|Any CPU
		{D828EFB3-332A-4C2A-9ED4-1ACE7678F33D}.Release|iPhoneSimulator.ActiveCfg = Release|Any CPU
		{D828EFB3-332A-4C2A-9ED4-1ACE7678F33D}.Release|iPhoneSimulator.Build.0 = Release|Any CPU
		{D828EFB3-332A-4C2A-9ED4-1ACE7678F33D}.Release|x64.ActiveCfg = Release|Any CPU
		{D828EFB3-332A-4C2A-9ED4-1ACE7678F33D}.Release|x64.Build.0 = Release|Any CPU
		{D828EFB3-332A-4C2A-9ED4-1ACE7678F33D}.Release|x86.ActiveCfg = Release|Any CPU
		{D828EFB3-332A-4C2A-9ED4-1ACE7678F33D}.Release|x86.Build.0 = Release|Any CPU
		{9C790100-83FA-4880-919D-141C09D987A3}.Ad-Hoc|Any CPU.ActiveCfg = Release|x86
		{9C790100-83FA-4880-919D-141C09D987A3}.Ad-Hoc|Any CPU.Build.0 = Release|x86
		{9C790100-83FA-4880-919D-141C09D987A3}.Ad-Hoc|Any CPU.Deploy.0 = Release|x86
		{9C790100-83FA-4880-919D-141C09D987A3}.Ad-Hoc|ARM.ActiveCfg = Release|ARM
		{9C790100-83FA-4880-919D-141C09D987A3}.Ad-Hoc|ARM.Build.0 = Release|ARM
		{9C790100-83FA-4880-919D-141C09D987A3}.Ad-Hoc|ARM.Deploy.0 = Release|ARM
		{9C790100-83FA-4880-919D-141C09D987A3}.Ad-Hoc|iPhone.ActiveCfg = Release|x86
		{9C790100-83FA-4880-919D-141C09D987A3}.Ad-Hoc|iPhone.Build.0 = Release|x86
		{9C790100-83FA-4880-919D-141C09D987A3}.Ad-Hoc|iPhone.Deploy.0 = Release|x86
		{9C790100-83FA-4880-919D-141C09D987A3}.Ad-Hoc|iPhoneSimulator.ActiveCfg = Release|x86
		{9C790100-83FA-4880-919D-141C09D987A3}.Ad-Hoc|iPhoneSimulator.Build.0 = Release|x86
		{9C790100-83FA-4880-919D-141C09D987A3}.Ad-Hoc|iPhoneSimulator.Deploy.0 = Release|x86
		{9C790100-83FA-4880-919D-141C09D987A3}.Ad-Hoc|x64.ActiveCfg = Release|x64
		{9C790100-83FA-4880-919D-141C09D987A3}.Ad-Hoc|x64.Build.0 = Release|x64
		{9C790100-83FA-4880-919D-141C09D987A3}.Ad-Hoc|x64.Deploy.0 = Release|x64
		{9C790100-83FA-4880-919D-141C09D987A3}.Ad-Hoc|x86.ActiveCfg = Release|x86
		{9C790100-83FA-4880-919D-141C09D987A3}.Ad-Hoc|x86.Build.0 = Release|x86
		{9C790100-83FA-4880-919D-141C09D987A3}.Ad-Hoc|x86.Deploy.0 = Release|x86
		{9C790100-83FA-4880-919D-141C09D987A3}.AppStore|Any CPU.ActiveCfg = Release|x86
		{9C790100-83FA-4880-919D-141C09D987A3}.AppStore|Any CPU.Build.0 = Release|x86
		{9C790100-83FA-4880-919D-141C09D987A3}.AppStore|Any CPU.Deploy.0 = Release|x86
		{9C790100-83FA-4880-919D-141C09D987A3}.AppStore|ARM.ActiveCfg = Release|ARM
		{9C790100-83FA-4880-919D-141C09D987A3}.AppStore|ARM.Build.0 = Release|ARM
		{9C790100-83FA-4880-919D-141C09D987A3}.AppStore|ARM.Deploy.0 = Release|ARM
		{9C790100-83FA-4880-919D-141C09D987A3}.AppStore|iPhone.ActiveCfg = Release|x86
		{9C790100-83FA-4880-919D-141C09D987A3}.AppStore|iPhone.Build.0 = Release|x86
		{9C790100-83FA-4880-919D-141C09D987A3}.AppStore|iPhone.Deploy.0 = Release|x86
		{9C790100-83FA-4880-919D-141C09D987A3}.AppStore|iPhoneSimulator.ActiveCfg = Release|x86
		{9C790100-83FA-4880-919D-141C09D987A3}.AppStore|iPhoneSimulator.Build.0 = Release|x86
		{9C790100-83FA-4880-919D-141C09D987A3}.AppStore|iPhoneSimulator.Deploy.0 = Release|x86
		{9C790100-83FA-4880-919D-141C09D987A3}.AppStore|x64.ActiveCfg = Release|x64
		{9C790100-83FA-4880-919D-141C09D987A3}.AppStore|x64.Build.0 = Release|x64
		{9C790100-83FA-4880-919D-141C09D987A3}.AppStore|x64.Deploy.0 = Release|x64
		{9C790100-83FA-4880-919D-141C09D987A3}.AppStore|x86.ActiveCfg = Release|x86
		{9C790100-83FA-4880-919D-141C09D987A3}.AppStore|x86.Build.0 = Release|x86
		{9C790100-83FA-4880-919D-141C09D987A3}.AppStore|x86.Deploy.0 = Release|x86
		{9C790100-83FA-4880-919D-141C09D987A3}.Debug|Any CPU.ActiveCfg = Debug|x86
		{9C790100-83FA-4880-919D-141C09D987A3}.Debug|ARM.ActiveCfg = Debug|ARM
		{9C790100-83FA-4880-919D-141C09D987A3}.Debug|ARM.Build.0 = Debug|ARM
		{9C790100-83FA-4880-919D-141C09D987A3}.Debug|ARM.Deploy.0 = Debug|ARM
		{9C790100-83FA-4880-919D-141C09D987A3}.Debug|iPhone.ActiveCfg = Debug|x86
		{9C790100-83FA-4880-919D-141C09D987A3}.Debug|iPhoneSimulator.ActiveCfg = Debug|x86
		{9C790100-83FA-4880-919D-141C09D987A3}.Debug|x64.ActiveCfg = Debug|x64
		{9C790100-83FA-4880-919D-141C09D987A3}.Debug|x64.Build.0 = Debug|x64
		{9C790100-83FA-4880-919D-141C09D987A3}.Debug|x64.Deploy.0 = Debug|x64
		{9C790100-83FA-4880-919D-141C09D987A3}.Debug|x86.ActiveCfg = Debug|x86
		{9C790100-83FA-4880-919D-141C09D987A3}.Debug|x86.Build.0 = Debug|x86
		{9C790100-83FA-4880-919D-141C09D987A3}.Debug|x86.Deploy.0 = Debug|x86
		{9C790100-83FA-4880-919D-141C09D987A3}.Release|Any CPU.ActiveCfg = Release|x86
		{9C790100-83FA-4880-919D-141C09D987A3}.Release|ARM.ActiveCfg = Release|ARM
		{9C790100-83FA-4880-919D-141C09D987A3}.Release|ARM.Build.0 = Release|ARM
		{9C790100-83FA-4880-919D-141C09D987A3}.Release|ARM.Deploy.0 = Release|ARM
		{9C790100-83FA-4880-919D-141C09D987A3}.Release|iPhone.ActiveCfg = Release|x86
		{9C790100-83FA-4880-919D-141C09D987A3}.Release|iPhoneSimulator.ActiveCfg = Release|x86
		{9C790100-83FA-4880-919D-141C09D987A3}.Release|x64.ActiveCfg = Release|x64
		{9C790100-83FA-4880-919D-141C09D987A3}.Release|x64.Build.0 = Release|x64
		{9C790100-83FA-4880-919D-141C09D987A3}.Release|x64.Deploy.0 = Release|x64
		{9C790100-83FA-4880-919D-141C09D987A3}.Release|x86.ActiveCfg = Release|x86
		{9C790100-83FA-4880-919D-141C09D987A3}.Release|x86.Build.0 = Release|x86
		{9C790100-83FA-4880-919D-141C09D987A3}.Release|x86.Deploy.0 = Release|x86
		{897EECC3-3E0E-4013-BE19-662D8D9C0B59}.Ad-Hoc|Any CPU.ActiveCfg = Ad-Hoc|iPhone
		{897EECC3-3E0E-4013-BE19-662D8D9C0B59}.Ad-Hoc|ARM.ActiveCfg = Ad-Hoc|iPhone
		{897EECC3-3E0E-4013-BE19-662D8D9C0B59}.Ad-Hoc|iPhone.ActiveCfg = Ad-Hoc|iPhone
		{897EECC3-3E0E-4013-BE19-662D8D9C0B59}.Ad-Hoc|iPhone.Build.0 = Ad-Hoc|iPhone
		{897EECC3-3E0E-4013-BE19-662D8D9C0B59}.Ad-Hoc|iPhoneSimulator.ActiveCfg = Ad-Hoc|iPhoneSimulator
		{897EECC3-3E0E-4013-BE19-662D8D9C0B59}.Ad-Hoc|iPhoneSimulator.Build.0 = Ad-Hoc|iPhoneSimulator
		{897EECC3-3E0E-4013-BE19-662D8D9C0B59}.Ad-Hoc|x64.ActiveCfg = Ad-Hoc|iPhone
		{897EECC3-3E0E-4013-BE19-662D8D9C0B59}.Ad-Hoc|x86.ActiveCfg = Ad-Hoc|iPhone
		{897EECC3-3E0E-4013-BE19-662D8D9C0B59}.AppStore|Any CPU.ActiveCfg = AppStore|iPhone
		{897EECC3-3E0E-4013-BE19-662D8D9C0B59}.AppStore|ARM.ActiveCfg = AppStore|iPhone
		{897EECC3-3E0E-4013-BE19-662D8D9C0B59}.AppStore|iPhone.ActiveCfg = AppStore|iPhone
		{897EECC3-3E0E-4013-BE19-662D8D9C0B59}.AppStore|iPhone.Build.0 = AppStore|iPhone
		{897EECC3-3E0E-4013-BE19-662D8D9C0B59}.AppStore|iPhoneSimulator.ActiveCfg = AppStore|iPhoneSimulator
		{897EECC3-3E0E-4013-BE19-662D8D9C0B59}.AppStore|iPhoneSimulator.Build.0 = AppStore|iPhoneSimulator
		{897EECC3-3E0E-4013-BE19-662D8D9C0B59}.AppStore|x64.ActiveCfg = AppStore|iPhone
		{897EECC3-3E0E-4013-BE19-662D8D9C0B59}.AppStore|x86.ActiveCfg = AppStore|iPhone
		{897EECC3-3E0E-4013-BE19-662D8D9C0B59}.Debug|Any CPU.ActiveCfg = Debug|iPhone
		{897EECC3-3E0E-4013-BE19-662D8D9C0B59}.Debug|ARM.ActiveCfg = Debug|iPhone
		{897EECC3-3E0E-4013-BE19-662D8D9C0B59}.Debug|iPhone.ActiveCfg = Debug|iPhone
		{897EECC3-3E0E-4013-BE19-662D8D9C0B59}.Debug|iPhone.Build.0 = Debug|iPhone
		{897EECC3-3E0E-4013-BE19-662D8D9C0B59}.Debug|iPhoneSimulator.ActiveCfg = Debug|iPhoneSimulator
		{897EECC3-3E0E-4013-BE19-662D8D9C0B59}.Debug|iPhoneSimulator.Build.0 = Debug|iPhoneSimulator
		{897EECC3-3E0E-4013-BE19-662D8D9C0B59}.Debug|x64.ActiveCfg = Debug|iPhone
		{897EECC3-3E0E-4013-BE19-662D8D9C0B59}.Debug|x86.ActiveCfg = Debug|iPhone
		{897EECC3-3E0E-4013-BE19-662D8D9C0B59}.Release|Any CPU.ActiveCfg = Release|iPhone
		{897EECC3-3E0E-4013-BE19-662D8D9C0B59}.Release|ARM.ActiveCfg = Release|iPhone
		{897EECC3-3E0E-4013-BE19-662D8D9C0B59}.Release|iPhone.ActiveCfg = Release|iPhone
		{897EECC3-3E0E-4013-BE19-662D8D9C0B59}.Release|iPhone.Build.0 = Release|iPhone
		{897EECC3-3E0E-4013-BE19-662D8D9C0B59}.Release|iPhoneSimulator.ActiveCfg = Release|iPhoneSimulator
		{897EECC3-3E0E-4013-BE19-662D8D9C0B59}.Release|iPhoneSimulator.Build.0 = Release|iPhoneSimulator
		{897EECC3-3E0E-4013-BE19-662D8D9C0B59}.Release|x64.ActiveCfg = Release|iPhone
		{897EECC3-3E0E-4013-BE19-662D8D9C0B59}.Release|x86.ActiveCfg = Release|iPhone
		{AB40238E-6083-438C-9907-813445F4BCB5}.Ad-Hoc|Any CPU.ActiveCfg = Debug|Any CPU
		{AB40238E-6083-438C-9907-813445F4BCB5}.Ad-Hoc|Any CPU.Build.0 = Debug|Any CPU
		{AB40238E-6083-438C-9907-813445F4BCB5}.Ad-Hoc|ARM.ActiveCfg = Debug|Any CPU
		{AB40238E-6083-438C-9907-813445F4BCB5}.Ad-Hoc|ARM.Build.0 = Debug|Any CPU
		{AB40238E-6083-438C-9907-813445F4BCB5}.Ad-Hoc|iPhone.ActiveCfg = Debug|Any CPU
		{AB40238E-6083-438C-9907-813445F4BCB5}.Ad-Hoc|iPhone.Build.0 = Debug|Any CPU
		{AB40238E-6083-438C-9907-813445F4BCB5}.Ad-Hoc|iPhoneSimulator.ActiveCfg = Debug|Any CPU
		{AB40238E-6083-438C-9907-813445F4BCB5}.Ad-Hoc|iPhoneSimulator.Build.0 = Debug|Any CPU
		{AB40238E-6083-438C-9907-813445F4BCB5}.Ad-Hoc|x64.ActiveCfg = Debug|Any CPU
		{AB40238E-6083-438C-9907-813445F4BCB5}.Ad-Hoc|x64.Build.0 = Debug|Any CPU
		{AB40238E-6083-438C-9907-813445F4BCB5}.Ad-Hoc|x86.ActiveCfg = Debug|Any CPU
		{AB40238E-6083-438C-9907-813445F4BCB5}.Ad-Hoc|x86.Build.0 = Debug|Any CPU
		{AB40238E-6083-438C-9907-813445F4BCB5}.AppStore|Any CPU.ActiveCfg = Debug|Any CPU
		{AB40238E-6083-438C-9907-813445F4BCB5}.AppStore|Any CPU.Build.0 = Debug|Any CPU
		{AB40238E-6083-438C-9907-813445F4BCB5}.AppStore|ARM.ActiveCfg = Debug|Any CPU
		{AB40238E-6083-438C-9907-813445F4BCB5}.AppStore|ARM.Build.0 = Debug|Any CPU
		{AB40238E-6083-438C-9907-813445F4BCB5}.AppStore|iPhone.ActiveCfg = Debug|Any CPU
		{AB40238E-6083-438C-9907-813445F4BCB5}.AppStore|iPhone.Build.0 = Debug|Any CPU
		{AB40238E-6083-438C-9907-813445F4BCB5}.AppStore|iPhoneSimulator.ActiveCfg = Debug|Any CPU
		{AB40238E-6083-438C-9907-813445F4BCB5}.AppStore|iPhoneSimulator.Build.0 = Debug|Any CPU
		{AB40238E-6083-438C-9907-813445F4BCB5}.AppStore|x64.ActiveCfg = Debug|Any CPU
		{AB40238E-6083-438C-9907-813445F4BCB5}.AppStore|x64.Build.0 = Debug|Any CPU
		{AB40238E-6083-438C-9907-813445F4BCB5}.AppStore|x86.ActiveCfg = Debug|Any CPU
		{AB40238E-6083-438C-9907-813445F4BCB5}.AppStore|x86.Build.0 = Debug|Any CPU
		{AB40238E-6083-438C-9907-813445F4BCB5}.Debug|Any CPU.ActiveCfg = Debug|Any CPU
		{AB40238E-6083-438C-9907-813445F4BCB5}.Debug|Any CPU.Build.0 = Debug|Any CPU
		{AB40238E-6083-438C-9907-813445F4BCB5}.Debug|ARM.ActiveCfg = Debug|Any CPU
		{AB40238E-6083-438C-9907-813445F4BCB5}.Debug|ARM.Build.0 = Debug|Any CPU
		{AB40238E-6083-438C-9907-813445F4BCB5}.Debug|iPhone.ActiveCfg = Debug|Any CPU
		{AB40238E-6083-438C-9907-813445F4BCB5}.Debug|iPhone.Build.0 = Debug|Any CPU
		{AB40238E-6083-438C-9907-813445F4BCB5}.Debug|iPhoneSimulator.ActiveCfg = Debug|Any CPU
		{AB40238E-6083-438C-9907-813445F4BCB5}.Debug|iPhoneSimulator.Build.0 = Debug|Any CPU
		{AB40238E-6083-438C-9907-813445F4BCB5}.Debug|x64.ActiveCfg = Debug|Any CPU
		{AB40238E-6083-438C-9907-813445F4BCB5}.Debug|x64.Build.0 = Debug|Any CPU
		{AB40238E-6083-438C-9907-813445F4BCB5}.Debug|x86.ActiveCfg = Debug|Any CPU
		{AB40238E-6083-438C-9907-813445F4BCB5}.Debug|x86.Build.0 = Debug|Any CPU
		{AB40238E-6083-438C-9907-813445F4BCB5}.Release|Any CPU.ActiveCfg = Release|Any CPU
		{AB40238E-6083-438C-9907-813445F4BCB5}.Release|Any CPU.Build.0 = Release|Any CPU
		{AB40238E-6083-438C-9907-813445F4BCB5}.Release|ARM.ActiveCfg = Release|Any CPU
		{AB40238E-6083-438C-9907-813445F4BCB5}.Release|ARM.Build.0 = Release|Any CPU
		{AB40238E-6083-438C-9907-813445F4BCB5}.Release|iPhone.ActiveCfg = Release|Any CPU
		{AB40238E-6083-438C-9907-813445F4BCB5}.Release|iPhone.Build.0 = Release|Any CPU
		{AB40238E-6083-438C-9907-813445F4BCB5}.Release|iPhoneSimulator.ActiveCfg = Release|Any CPU
		{AB40238E-6083-438C-9907-813445F4BCB5}.Release|iPhoneSimulator.Build.0 = Release|Any CPU
		{AB40238E-6083-438C-9907-813445F4BCB5}.Release|x64.ActiveCfg = Release|Any CPU
		{AB40238E-6083-438C-9907-813445F4BCB5}.Release|x64.Build.0 = Release|Any CPU
		{AB40238E-6083-438C-9907-813445F4BCB5}.Release|x86.ActiveCfg = Release|Any CPU
		{AB40238E-6083-438C-9907-813445F4BCB5}.Release|x86.Build.0 = Release|Any CPU
		{0628EA93-DAB7-4AE0-A77B-86E6570FB83B}.Ad-Hoc|Any CPU.ActiveCfg = Debug|Any CPU
		{0628EA93-DAB7-4AE0-A77B-86E6570FB83B}.Ad-Hoc|Any CPU.Build.0 = Debug|Any CPU
		{0628EA93-DAB7-4AE0-A77B-86E6570FB83B}.Ad-Hoc|ARM.ActiveCfg = Debug|Any CPU
		{0628EA93-DAB7-4AE0-A77B-86E6570FB83B}.Ad-Hoc|ARM.Build.0 = Debug|Any CPU
		{0628EA93-DAB7-4AE0-A77B-86E6570FB83B}.Ad-Hoc|iPhone.ActiveCfg = Debug|Any CPU
		{0628EA93-DAB7-4AE0-A77B-86E6570FB83B}.Ad-Hoc|iPhone.Build.0 = Debug|Any CPU
		{0628EA93-DAB7-4AE0-A77B-86E6570FB83B}.Ad-Hoc|iPhoneSimulator.ActiveCfg = Debug|Any CPU
		{0628EA93-DAB7-4AE0-A77B-86E6570FB83B}.Ad-Hoc|iPhoneSimulator.Build.0 = Debug|Any CPU
		{0628EA93-DAB7-4AE0-A77B-86E6570FB83B}.Ad-Hoc|x64.ActiveCfg = Debug|Any CPU
		{0628EA93-DAB7-4AE0-A77B-86E6570FB83B}.Ad-Hoc|x64.Build.0 = Debug|Any CPU
		{0628EA93-DAB7-4AE0-A77B-86E6570FB83B}.Ad-Hoc|x86.ActiveCfg = Debug|Any CPU
		{0628EA93-DAB7-4AE0-A77B-86E6570FB83B}.Ad-Hoc|x86.Build.0 = Debug|Any CPU
		{0628EA93-DAB7-4AE0-A77B-86E6570FB83B}.AppStore|Any CPU.ActiveCfg = Debug|Any CPU
		{0628EA93-DAB7-4AE0-A77B-86E6570FB83B}.AppStore|Any CPU.Build.0 = Debug|Any CPU
		{0628EA93-DAB7-4AE0-A77B-86E6570FB83B}.AppStore|ARM.ActiveCfg = Debug|Any CPU
		{0628EA93-DAB7-4AE0-A77B-86E6570FB83B}.AppStore|ARM.Build.0 = Debug|Any CPU
		{0628EA93-DAB7-4AE0-A77B-86E6570FB83B}.AppStore|iPhone.ActiveCfg = Debug|Any CPU
		{0628EA93-DAB7-4AE0-A77B-86E6570FB83B}.AppStore|iPhone.Build.0 = Debug|Any CPU
		{0628EA93-DAB7-4AE0-A77B-86E6570FB83B}.AppStore|iPhoneSimulator.ActiveCfg = Debug|Any CPU
		{0628EA93-DAB7-4AE0-A77B-86E6570FB83B}.AppStore|iPhoneSimulator.Build.0 = Debug|Any CPU
		{0628EA93-DAB7-4AE0-A77B-86E6570FB83B}.AppStore|x64.ActiveCfg = Debug|Any CPU
		{0628EA93-DAB7-4AE0-A77B-86E6570FB83B}.AppStore|x64.Build.0 = Debug|Any CPU
		{0628EA93-DAB7-4AE0-A77B-86E6570FB83B}.AppStore|x86.ActiveCfg = Debug|Any CPU
		{0628EA93-DAB7-4AE0-A77B-86E6570FB83B}.AppStore|x86.Build.0 = Debug|Any CPU
		{0628EA93-DAB7-4AE0-A77B-86E6570FB83B}.Debug|Any CPU.ActiveCfg = Debug|Any CPU
		{0628EA93-DAB7-4AE0-A77B-86E6570FB83B}.Debug|Any CPU.Build.0 = Debug|Any CPU
		{0628EA93-DAB7-4AE0-A77B-86E6570FB83B}.Debug|ARM.ActiveCfg = Debug|Any CPU
		{0628EA93-DAB7-4AE0-A77B-86E6570FB83B}.Debug|ARM.Build.0 = Debug|Any CPU
		{0628EA93-DAB7-4AE0-A77B-86E6570FB83B}.Debug|iPhone.ActiveCfg = Debug|Any CPU
		{0628EA93-DAB7-4AE0-A77B-86E6570FB83B}.Debug|iPhone.Build.0 = Debug|Any CPU
		{0628EA93-DAB7-4AE0-A77B-86E6570FB83B}.Debug|iPhoneSimulator.ActiveCfg = Debug|Any CPU
		{0628EA93-DAB7-4AE0-A77B-86E6570FB83B}.Debug|iPhoneSimulator.Build.0 = Debug|Any CPU
		{0628EA93-DAB7-4AE0-A77B-86E6570FB83B}.Debug|x64.ActiveCfg = Debug|Any CPU
		{0628EA93-DAB7-4AE0-A77B-86E6570FB83B}.Debug|x64.Build.0 = Debug|Any CPU
		{0628EA93-DAB7-4AE0-A77B-86E6570FB83B}.Debug|x86.ActiveCfg = Debug|Any CPU
		{0628EA93-DAB7-4AE0-A77B-86E6570FB83B}.Debug|x86.Build.0 = Debug|Any CPU
		{0628EA93-DAB7-4AE0-A77B-86E6570FB83B}.Release|Any CPU.ActiveCfg = Release|Any CPU
		{0628EA93-DAB7-4AE0-A77B-86E6570FB83B}.Release|Any CPU.Build.0 = Release|Any CPU
		{0628EA93-DAB7-4AE0-A77B-86E6570FB83B}.Release|ARM.ActiveCfg = Release|Any CPU
		{0628EA93-DAB7-4AE0-A77B-86E6570FB83B}.Release|ARM.Build.0 = Release|Any CPU
		{0628EA93-DAB7-4AE0-A77B-86E6570FB83B}.Release|iPhone.ActiveCfg = Release|Any CPU
		{0628EA93-DAB7-4AE0-A77B-86E6570FB83B}.Release|iPhone.Build.0 = Release|Any CPU
		{0628EA93-DAB7-4AE0-A77B-86E6570FB83B}.Release|iPhoneSimulator.ActiveCfg = Release|Any CPU
		{0628EA93-DAB7-4AE0-A77B-86E6570FB83B}.Release|iPhoneSimulator.Build.0 = Release|Any CPU
		{0628EA93-DAB7-4AE0-A77B-86E6570FB83B}.Release|x64.ActiveCfg = Release|Any CPU
		{0628EA93-DAB7-4AE0-A77B-86E6570FB83B}.Release|x64.Build.0 = Release|Any CPU
		{0628EA93-DAB7-4AE0-A77B-86E6570FB83B}.Release|x86.ActiveCfg = Release|Any CPU
		{0628EA93-DAB7-4AE0-A77B-86E6570FB83B}.Release|x86.Build.0 = Release|Any CPU
		{8EDF4429-251A-416D-BB68-93F227191BCF}.Ad-Hoc|Any CPU.ActiveCfg = Release|Any CPU
		{8EDF4429-251A-416D-BB68-93F227191BCF}.Ad-Hoc|Any CPU.Build.0 = Release|Any CPU
		{8EDF4429-251A-416D-BB68-93F227191BCF}.Ad-Hoc|ARM.ActiveCfg = Release|Any CPU
		{8EDF4429-251A-416D-BB68-93F227191BCF}.Ad-Hoc|ARM.Build.0 = Release|Any CPU
		{8EDF4429-251A-416D-BB68-93F227191BCF}.Ad-Hoc|iPhone.ActiveCfg = Release|Any CPU
		{8EDF4429-251A-416D-BB68-93F227191BCF}.Ad-Hoc|iPhone.Build.0 = Release|Any CPU
		{8EDF4429-251A-416D-BB68-93F227191BCF}.Ad-Hoc|iPhoneSimulator.ActiveCfg = Release|Any CPU
		{8EDF4429-251A-416D-BB68-93F227191BCF}.Ad-Hoc|iPhoneSimulator.Build.0 = Release|Any CPU
		{8EDF4429-251A-416D-BB68-93F227191BCF}.Ad-Hoc|x64.ActiveCfg = Release|Any CPU
		{8EDF4429-251A-416D-BB68-93F227191BCF}.Ad-Hoc|x64.Build.0 = Release|Any CPU
		{8EDF4429-251A-416D-BB68-93F227191BCF}.Ad-Hoc|x86.ActiveCfg = Release|Any CPU
		{8EDF4429-251A-416D-BB68-93F227191BCF}.Ad-Hoc|x86.Build.0 = Release|Any CPU
		{8EDF4429-251A-416D-BB68-93F227191BCF}.AppStore|Any CPU.ActiveCfg = Release|Any CPU
		{8EDF4429-251A-416D-BB68-93F227191BCF}.AppStore|Any CPU.Build.0 = Release|Any CPU
		{8EDF4429-251A-416D-BB68-93F227191BCF}.AppStore|ARM.ActiveCfg = Release|Any CPU
		{8EDF4429-251A-416D-BB68-93F227191BCF}.AppStore|ARM.Build.0 = Release|Any CPU
		{8EDF4429-251A-416D-BB68-93F227191BCF}.AppStore|iPhone.ActiveCfg = Release|Any CPU
		{8EDF4429-251A-416D-BB68-93F227191BCF}.AppStore|iPhone.Build.0 = Release|Any CPU
		{8EDF4429-251A-416D-BB68-93F227191BCF}.AppStore|iPhoneSimulator.ActiveCfg = Release|Any CPU
		{8EDF4429-251A-416D-BB68-93F227191BCF}.AppStore|iPhoneSimulator.Build.0 = Release|Any CPU
		{8EDF4429-251A-416D-BB68-93F227191BCF}.AppStore|x64.ActiveCfg = Release|Any CPU
		{8EDF4429-251A-416D-BB68-93F227191BCF}.AppStore|x64.Build.0 = Release|Any CPU
		{8EDF4429-251A-416D-BB68-93F227191BCF}.AppStore|x86.ActiveCfg = Release|Any CPU
		{8EDF4429-251A-416D-BB68-93F227191BCF}.AppStore|x86.Build.0 = Release|Any CPU
		{8EDF4429-251A-416D-BB68-93F227191BCF}.Debug|Any CPU.ActiveCfg = Debug|Any CPU
		{8EDF4429-251A-416D-BB68-93F227191BCF}.Debug|Any CPU.Build.0 = Debug|Any CPU
		{8EDF4429-251A-416D-BB68-93F227191BCF}.Debug|ARM.ActiveCfg = Debug|Any CPU
		{8EDF4429-251A-416D-BB68-93F227191BCF}.Debug|ARM.Build.0 = Debug|Any CPU
		{8EDF4429-251A-416D-BB68-93F227191BCF}.Debug|iPhone.ActiveCfg = Debug|Any CPU
		{8EDF4429-251A-416D-BB68-93F227191BCF}.Debug|iPhone.Build.0 = Debug|Any CPU
		{8EDF4429-251A-416D-BB68-93F227191BCF}.Debug|iPhoneSimulator.ActiveCfg = Debug|Any CPU
		{8EDF4429-251A-416D-BB68-93F227191BCF}.Debug|iPhoneSimulator.Build.0 = Debug|Any CPU
		{8EDF4429-251A-416D-BB68-93F227191BCF}.Debug|x64.ActiveCfg = Debug|Any CPU
		{8EDF4429-251A-416D-BB68-93F227191BCF}.Debug|x64.Build.0 = Debug|Any CPU
		{8EDF4429-251A-416D-BB68-93F227191BCF}.Debug|x86.ActiveCfg = Debug|Any CPU
		{8EDF4429-251A-416D-BB68-93F227191BCF}.Debug|x86.Build.0 = Debug|Any CPU
		{8EDF4429-251A-416D-BB68-93F227191BCF}.Release|Any CPU.ActiveCfg = Release|Any CPU
		{8EDF4429-251A-416D-BB68-93F227191BCF}.Release|Any CPU.Build.0 = Release|Any CPU
		{8EDF4429-251A-416D-BB68-93F227191BCF}.Release|ARM.ActiveCfg = Release|Any CPU
		{8EDF4429-251A-416D-BB68-93F227191BCF}.Release|ARM.Build.0 = Release|Any CPU
		{8EDF4429-251A-416D-BB68-93F227191BCF}.Release|iPhone.ActiveCfg = Release|Any CPU
		{8EDF4429-251A-416D-BB68-93F227191BCF}.Release|iPhone.Build.0 = Release|Any CPU
		{8EDF4429-251A-416D-BB68-93F227191BCF}.Release|iPhoneSimulator.ActiveCfg = Release|Any CPU
		{8EDF4429-251A-416D-BB68-93F227191BCF}.Release|iPhoneSimulator.Build.0 = Release|Any CPU
		{8EDF4429-251A-416D-BB68-93F227191BCF}.Release|x64.ActiveCfg = Release|Any CPU
		{8EDF4429-251A-416D-BB68-93F227191BCF}.Release|x64.Build.0 = Release|Any CPU
		{8EDF4429-251A-416D-BB68-93F227191BCF}.Release|x86.ActiveCfg = Release|Any CPU
		{8EDF4429-251A-416D-BB68-93F227191BCF}.Release|x86.Build.0 = Release|Any CPU
	EndGlobalSection
	GlobalSection(SolutionProperties) = preSolution
		HideSolutionNode = FALSE
	EndGlobalSection
EndGlobal
